
Microsoft Visual Studio Solution File, Format Version 12.00
# Visual Studio Version 17
VisualStudioVersion = 17.5.33516.290
MinimumVisualStudioVersion = 10.0.40219.1
Project("{FAE04EC0-301F-11D3-BF4B-00C04F79EFBC}") = "StokApp", "StokApp\StokApp.csproj", "{3D9E22C7-6414-41C7-9AAB-A9A0FC8794EA}"
EndProject
Global
	GlobalSection(SolutionConfigurationPlatforms) = preSolution
		Debug|Any CPU = Debug|Any CPU
		Release|Any CPU = Release|Any CPU
	EndGlobalSection
	GlobalSection(ProjectConfigurationPlatforms) = postSolution
		{3D9E22C7-6414-41C7-9AAB-A9A0FC8794EA}.Debug|Any CPU.ActiveCfg = Debug|Any CPU
		{3D9E22C7-6414-41C7-9AAB-A9A0FC8794EA}.Debug|Any CPU.Build.0 = Debug|Any CPU
		{3D9E22C7-6414-41C7-9AAB-A9A0FC8794EA}.Release|Any CPU.ActiveCfg = Release|Any CPU
		{3D9E22C7-6414-41C7-9AAB-A9A0FC8794EA}.Release|Any CPU.Build.0 = Release|Any CPU
	EndGlobalSection
	GlobalSection(SolutionProperties) = preSolution
		HideSolutionNode = FALSE
	EndGlobalSection
	GlobalSection(ExtensibilityGlobals) = postSolution
		SolutionGuid = {8824C393-9236-4D35-9271-B57DF27DDDBA}
	EndGlobalSection
EndGlobal
